# This file is automatically @generated by Cargo.
# It is not intended for manual editing.
version = 3

[[package]]
name = "autocfg"
version = "1.1.0"
source = "registry+https://github.com/rust-lang/crates.io-index"
checksum = "d468802bab17cbc0cc575e9b053f41e72aa36bfa6b7f55e3529ffa43161b97fa"

[[package]]
name = "euler"
version = "0.1.0"

[[package]]
name = "num"
version = "0.4.0"
source = "registry+https://github.com/rust-lang/crates.io-index"
checksum = "43db66d1170d347f9a065114077f7dccb00c1b9478c89384490a3425279a4606"
dependencies = [
 "num-bigint",
 "num-complex",
 "num-integer",
 "num-iter",
 "num-rational",
 "num-traits",
]

[[package]]
name = "num-bigint"
version = "0.4.3"
source = "registry+https://github.com/rust-lang/crates.io-index"
checksum = "f93ab6289c7b344a8a9f60f88d80aa20032336fe78da341afc91c8a2341fc75f"
dependencies = [
 "autocfg",
 "num-integer",
 "num-traits",
]

[[package]]
name = "num-complex"
version = "0.4.2"
source = "registry+https://github.com/rust-lang/crates.io-index"
checksum = "7ae39348c8bc5fbd7f40c727a9925f03517afd2ab27d46702108b6a7e5414c19"
dependencies = [
 "num-traits",
]

[[package]]
name = "num-integer"
version = "0.1.45"
source = "registry+https://github.com/rust-lang/crates.io-index"
checksum = "225d3389fb3509a24c93f5c29eb6bde2586b98d9f016636dff58d7c6f7569cd9"
dependencies = [
 "autocfg",
 "num-traits",
]

[[package]]
name = "num-iter"
version = "0.1.43"
source = "registry+https://github.com/rust-lang/crates.io-index"
checksum = "7d03e6c028c5dc5cac6e2dec0efda81fc887605bb3d884578bb6d6bf7514e252"
dependencies = [
 "autocfg",
 "num-integer",
 "num-traits",
]

[[package]]
name = "num-rational"
version = "0.4.1"
source = "registry+https://github.com/rust-lang/crates.io-index"
checksum = "0638a1c9d0a3c0914158145bc76cff373a75a627e6ecbfb71cbe6f453a5a19b0"
dependencies = [
 "autocfg",
 "num-bigint",
 "num-integer",
 "num-traits",
]

[[package]]
name = "num-traits"
version = "0.2.15"
source = "registry+https://github.com/rust-lang/crates.io-index"
checksum = "578ede34cf02f8924ab9447f50c28075b4d3e5b269972345e7e0372b38c6cdcd"
dependencies = [
 "autocfg",
]

[[package]]
name = "primter"
version = "0.2.0"
source = "registry+https://github.com/rust-lang/crates.io-index"
checksum = "84033d85ef9cc1a899bdfb73d9b04ee336901ea681052bbfcf3f2a07b270bbc4"

[[package]]
name = "problem-1"
version = "0.1.0"

[[package]]
name = "problem-10"
version = "0.1.0"
dependencies = [
 "primter",
]

[[package]]
name = "problem-11"
version = "0.1.0"

[[package]]
name = "problem-12"
version = "0.1.0"

[[package]]
name = "problem-13"
version = "0.1.0"

[[package]]
name = "problem-14"
version = "0.1.0"

[[package]]
name = "problem-15"
version = "0.1.0"

[[package]]
name = "problem-16"
version = "0.1.0"

[[package]]
name = "problem-17"
version = "0.1.0"

[[package]]
name = "problem-18"
version = "0.1.0"

[[package]]
name = "problem-19"
version = "0.1.0"

[[package]]
name = "problem-2"
version = "0.1.0"

[[package]]
name = "problem-20"
version = "0.1.0"

[[package]]
name = "problem-21"
version = "0.1.0"

[[package]]
name = "problem-22"
version = "0.1.0"

[[package]]
name = "problem-23"
version = "0.1.0"

[[package]]
name = "problem-24"
version = "0.1.0"

[[package]]
name = "problem-25"
version = "0.1.0"

[[package]]
name = "problem-26"
version = "0.1.0"
dependencies = [
 "primter",
]

[[package]]
name = "problem-27"
version = "0.1.0"
dependencies = [
 "primter",
]

[[package]]
name = "problem-28"
version = "0.1.0"

[[package]]
name = "problem-29"
version = "0.1.0"

[[package]]
name = "problem-3"
version = "0.1.0"

[[package]]
name = "problem-30"
version = "0.1.0"

[[package]]
name = "problem-31"
version = "0.1.0"

[[package]]
name = "problem-32"
version = "0.1.0"

[[package]]
name = "problem-33"
version = "0.1.0"

[[package]]
name = "problem-34"
version = "0.1.0"

[[package]]
name = "problem-35"
version = "0.1.0"
dependencies = [
 "primter",
]

[[package]]
name = "problem-36"
version = "0.1.0"

[[package]]
name = "problem-37"
version = "0.1.0"
dependencies = [
 "primter",
]

[[package]]
name = "problem-38"
version = "0.1.0"

[[package]]
name = "problem-39"
version = "0.1.0"

[[package]]
name = "problem-4"
version = "0.1.0"

[[package]]
name = "problem-40"
version = "0.1.0"

[[package]]
name = "problem-41"
version = "0.1.0"
dependencies = [
 "primter",
]

[[package]]
name = "problem-42"
version = "0.1.0"

[[package]]
name = "problem-43"
version = "0.1.0"

[[package]]
name = "problem-44"
version = "0.1.0"

[[package]]
name = "problem-45"
version = "0.1.0"

[[package]]
name = "problem-46"
version = "0.1.0"
dependencies = [
 "primter",
]

[[package]]
name = "problem-47"
version = "0.1.0"

[[package]]
name = "problem-48"
version = "0.1.0"

[[package]]
name = "problem-49"
version = "0.1.0"
dependencies = [
 "primter",
]

[[package]]
name = "problem-5"
version = "0.1.0"

[[package]]
name = "problem-50"
version = "0.1.0"
dependencies = [
 "primter",
]

[[package]]
name = "problem-51"
version = "0.1.0"
dependencies = [
 "primter",
]

[[package]]
name = "problem-52"
version = "0.1.0"

[[package]]
name = "problem-53"
version = "0.1.0"

[[package]]
name = "problem-54"
version = "0.1.0"

[[package]]
name = "problem-55"
version = "0.1.0"

[[package]]
name = "problem-56"
version = "0.1.0"

[[package]]
name = "problem-57"
version = "0.1.0"

[[package]]
name = "problem-58"
version = "0.1.0"
dependencies = [
 "primter",
]

[[package]]
name = "problem-59"
version = "0.1.0"

[[package]]
name = "problem-6"
version = "0.1.0"

[[package]]
name = "problem-60"
version = "0.1.0"
dependencies = [
 "primter",
]

[[package]]
name = "problem-61"
version = "0.1.0"

[[package]]
name = "problem-62"
version = "0.1.0"

[[package]]
name = "problem-63"
version = "0.1.0"

[[package]]
name = "problem-64"
version = "0.1.0"

[[package]]
name = "problem-65"
version = "0.1.0"

[[package]]
name = "problem-66"
version = "0.1.0"
dependencies = [
 "num",
]

[[package]]
name = "problem-67"
version = "0.1.0"

[[package]]
name = "problem-7"
version = "0.1.0"
dependencies = [
 "primter",
]

[[package]]
name = "problem-8"
version = "0.1.0"

[[package]]
name = "problem-9"
version = "0.1.0"
