# This file is automatically @generated by Cargo.
# It is not intended for manual editing.
version = 3

[[package]]
name = "euler"
version = "0.1.0"

[[package]]
name = "primter"
version = "0.2.0"
source = "registry+https://github.com/rust-lang/crates.io-index"
checksum = "84033d85ef9cc1a899bdfb73d9b04ee336901ea681052bbfcf3f2a07b270bbc4"

[[package]]
name = "problem-1"
version = "0.1.0"

[[package]]
name = "problem-10"
version = "0.1.0"
dependencies = [
 "primter",
]

[[package]]
name = "problem-11"
version = "0.1.0"

[[package]]
name = "problem-12"
version = "0.1.0"

[[package]]
name = "problem-13"
version = "0.1.0"

[[package]]
name = "problem-14"
version = "0.1.0"

[[package]]
name = "problem-15"
version = "0.1.0"

[[package]]
name = "problem-16"
version = "0.1.0"

[[package]]
name = "problem-17"
version = "0.1.0"

[[package]]
name = "problem-18"
version = "0.1.0"

[[package]]
name = "problem-19"
version = "0.1.0"

[[package]]
name = "problem-2"
version = "0.1.0"

[[package]]
name = "problem-20"
version = "0.1.0"

[[package]]
name = "problem-21"
version = "0.1.0"

[[package]]
name = "problem-22"
version = "0.1.0"

[[package]]
name = "problem-23"
version = "0.1.0"

[[package]]
name = "problem-24"
version = "0.1.0"

[[package]]
name = "problem-25"
version = "0.1.0"

[[package]]
name = "problem-26"
version = "0.1.0"
dependencies = [
 "primter",
]

[[package]]
name = "problem-27"
version = "0.1.0"
dependencies = [
 "primter",
]

[[package]]
name = "problem-28"
version = "0.1.0"

[[package]]
name = "problem-29"
version = "0.1.0"

[[package]]
name = "problem-3"
version = "0.1.0"

[[package]]
name = "problem-30"
version = "0.1.0"

[[package]]
name = "problem-31"
version = "0.1.0"

[[package]]
name = "problem-32"
version = "0.1.0"

[[package]]
name = "problem-33"
version = "0.1.0"

[[package]]
name = "problem-34"
version = "0.1.0"

[[package]]
name = "problem-35"
version = "0.1.0"
dependencies = [
 "primter",
]

[[package]]
name = "problem-36"
version = "0.1.0"

[[package]]
name = "problem-37"
version = "0.1.0"
dependencies = [
 "primter",
]

[[package]]
name = "problem-38"
version = "0.1.0"

[[package]]
name = "problem-39"
version = "0.1.0"

[[package]]
name = "problem-4"
version = "0.1.0"

[[package]]
name = "problem-40"
version = "0.1.0"

[[package]]
name = "problem-41"
version = "0.1.0"
dependencies = [
 "primter",
]

[[package]]
name = "problem-42"
version = "0.1.0"

[[package]]
name = "problem-43"
version = "0.1.0"

[[package]]
name = "problem-44"
version = "0.1.0"

[[package]]
name = "problem-45"
version = "0.1.0"

[[package]]
name = "problem-46"
version = "0.1.0"
dependencies = [
 "primter",
]

[[package]]
name = "problem-47"
version = "0.1.0"

[[package]]
name = "problem-48"
version = "0.1.0"

[[package]]
name = "problem-49"
version = "0.1.0"
dependencies = [
 "primter",
]

[[package]]
name = "problem-5"
version = "0.1.0"

[[package]]
name = "problem-50"
version = "0.1.0"
dependencies = [
 "primter",
]

[[package]]
name = "problem-51"
version = "0.1.0"
dependencies = [
 "primter",
]

[[package]]
name = "problem-52"
version = "0.1.0"

[[package]]
name = "problem-53"
version = "0.1.0"

[[package]]
name = "problem-54"
version = "0.1.0"

[[package]]
name = "problem-55"
version = "0.1.0"

[[package]]
name = "problem-56"
version = "0.1.0"

[[package]]
name = "problem-57"
version = "0.1.0"

[[package]]
name = "problem-58"
version = "0.1.0"
dependencies = [
 "primter",
]

[[package]]
name = "problem-59"
version = "0.1.0"

[[package]]
name = "problem-6"
version = "0.1.0"

[[package]]
name = "problem-60"
version = "0.1.0"
dependencies = [
 "primter",
]

[[package]]
name = "problem-61"
version = "0.1.0"

[[package]]
name = "problem-62"
version = "0.1.0"

[[package]]
name = "problem-63"
version = "0.1.0"

[[package]]
name = "problem-64"
version = "0.1.0"

[[package]]
name = "problem-65"
version = "0.1.0"

[[package]]
name = "problem-7"
version = "0.1.0"
dependencies = [
 "primter",
]

[[package]]
name = "problem-8"
version = "0.1.0"

[[package]]
name = "problem-9"
version = "0.1.0"
